
Microsoft Visual Studio Solution File, Format Version 12.00
# Visual Studio Version 16
VisualStudioVersion = 16.0.31005.135
MinimumVisualStudioVersion = 10.0.40219.1
Project("{9A19103F-16F7-4668-BE54-9A1E7A4F7556}") = "LLASDecryptor.Interface", "LLASDecryptor.Interface\LLASDecryptor.Interface.csproj", "{16280F78-B771-40AC-A39F-94EEFF0BEDB0}"
EndProject
Project("{FAE04EC0-301F-11D3-BF4B-00C04F79EFBC}") = "LLASDecryptor.Core", "LLASDecryptor.Core\LLASDecryptor.Core.csproj", "{F3FE2FAE-D3AC-47CC-9040-B6A8294B0614}"
EndProject
Global
	GlobalSection(SolutionConfigurationPlatforms) = preSolution
		Debug|Any CPU = Debug|Any CPU
		Release|Any CPU = Release|Any CPU
	EndGlobalSection
	GlobalSection(ProjectConfigurationPlatforms) = postSolution
		{16280F78-B771-40AC-A39F-94EEFF0BEDB0}.Debug|Any CPU.ActiveCfg = Debug|Any CPU
		{16280F78-B771-40AC-A39F-94EEFF0BEDB0}.Debug|Any CPU.Build.0 = Debug|Any CPU
		{16280F78-B771-40AC-A39F-94EEFF0BEDB0}.Release|Any CPU.ActiveCfg = Release|Any CPU
		{16280F78-B771-40AC-A39F-94EEFF0BEDB0}.Release|Any CPU.Build.0 = Release|Any CPU
		{F3FE2FAE-D3AC-47CC-9040-B6A8294B0614}.Debug|Any CPU.ActiveCfg = Debug|Any CPU
		{F3FE2FAE-D3AC-47CC-9040-B6A8294B0614}.Debug|Any CPU.Build.0 = Debug|Any CPU
		{F3FE2FAE-D3AC-47CC-9040-B6A8294B0614}.Release|Any CPU.ActiveCfg = Release|Any CPU
		{F3FE2FAE-D3AC-47CC-9040-B6A8294B0614}.Release|Any CPU.Build.0 = Release|Any CPU
	EndGlobalSection
	GlobalSection(SolutionProperties) = preSolution
		HideSolutionNode = FALSE
	EndGlobalSection
	GlobalSection(ExtensibilityGlobals) = postSolution
		SolutionGuid = {D5EDFA1B-6F7F-4E20-BE95-23F7251EDE64}
	EndGlobalSection
EndGlobal
